
Microsoft Visual Studio Solution File, Format Version 12.00
# Visual Studio 15
Project("{FAE04EC0-301F-11D3-BF4B-00C04F79EFBC}") = "NavMeshPlusEditor", "NavMeshPlusEditor.csproj", "{2E2C1E45-369B-CFDF-BFC8-3339B7EC9508}"
EndProject
Project("{FAE04EC0-301F-11D3-BF4B-00C04F79EFBC}") = "NavMeshPlus", "NavMeshPlus.csproj", "{E7D1B1E5-9FC1-3ACF-7EBB-E6935A5CA672}"
EndProject
Project("{FAE04EC0-301F-11D3-BF4B-00C04F79EFBC}") = "Assembly-CSharp", "Assembly-CSharp.csproj", "{BE6DE9AA-9E83-67C2-9E54-9E541F5A46D5}"
EndProject
Global
	GlobalSection(SolutionConfigurationPlatforms) = preSolution
		Debug|Any CPU = Debug|Any CPU
		Release|Any CPU = Release|Any CPU
	EndGlobalSection
	GlobalSection(ProjectConfigurationPlatforms) = postSolution
		{2E2C1E45-369B-CFDF-BFC8-3339B7EC9508}.Debug|Any CPU.ActiveCfg = Debug|Any CPU
		{2E2C1E45-369B-CFDF-BFC8-3339B7EC9508}.Debug|Any CPU.Build.0 = Debug|Any CPU
		{2E2C1E45-369B-CFDF-BFC8-3339B7EC9508}.Release|Any CPU.ActiveCfg = Release|Any CPU
		{2E2C1E45-369B-CFDF-BFC8-3339B7EC9508}.Release|Any CPU.Build.0 = Release|Any CPU
		{E7D1B1E5-9FC1-3ACF-7EBB-E6935A5CA672}.Debug|Any CPU.ActiveCfg = Debug|Any CPU
		{E7D1B1E5-9FC1-3ACF-7EBB-E6935A5CA672}.Debug|Any CPU.Build.0 = Debug|Any CPU
		{E7D1B1E5-9FC1-3ACF-7EBB-E6935A5CA672}.Release|Any CPU.ActiveCfg = Release|Any CPU
		{E7D1B1E5-9FC1-3ACF-7EBB-E6935A5CA672}.Release|Any CPU.Build.0 = Release|Any CPU
		{BE6DE9AA-9E83-67C2-9E54-9E541F5A46D5}.Debug|Any CPU.ActiveCfg = Debug|Any CPU
		{BE6DE9AA-9E83-67C2-9E54-9E541F5A46D5}.Debug|Any CPU.Build.0 = Debug|Any CPU
		{BE6DE9AA-9E83-67C2-9E54-9E541F5A46D5}.Release|Any CPU.ActiveCfg = Release|Any CPU
		{BE6DE9AA-9E83-67C2-9E54-9E541F5A46D5}.Release|Any CPU.Build.0 = Release|Any CPU
	EndGlobalSection
	GlobalSection(SolutionProperties) = preSolution
		HideSolutionNode = FALSE
	EndGlobalSection
EndGlobal
